// !$*UTF8*$!
{
	archiveVersion = 1;
	classes = {
	};
	objectVersion = 50;
	objects = {

/* Begin PBXBuildFile section */
		5772BBD5252EACA200A15CC3 /* AppDelegate.swift in Sources */ = {isa = PBXBuildFile; fileRef = 5772BBD4252EACA200A15CC3 /* AppDelegate.swift */; };
		5772BBD7252EACA200A15CC3 /* SceneDelegate.swift in Sources */ = {isa = PBXBuildFile; fileRef = 5772BBD6252EACA200A15CC3 /* SceneDelegate.swift */; };
		5772BBD9252EACA200A15CC3 /* ViewController.swift in Sources */ = {isa = PBXBuildFile; fileRef = 5772BBD8252EACA200A15CC3 /* ViewController.swift */; };
		5772BBDC252EACA200A15CC3 /* Main.storyboard in Resources */ = {isa = PBXBuildFile; fileRef = 5772BBDA252EACA200A15CC3 /* Main.storyboard */; };
		5772BBDF252EACA200A15CC3 /* Recipe_book.xcdatamodeld in Sources */ = {isa = PBXBuildFile; fileRef = 5772BBDD252EACA200A15CC3 /* Recipe_book.xcdatamodeld */; };
		5772BBE1252EACA200A15CC3 /* Assets.xcassets in Resources */ = {isa = PBXBuildFile; fileRef = 5772BBE0252EACA200A15CC3 /* Assets.xcassets */; };
		5772BBE4252EACA200A15CC3 /* LaunchScreen.storyboard in Resources */ = {isa = PBXBuildFile; fileRef = 5772BBE2252EACA200A15CC3 /* LaunchScreen.storyboard */; };
		5772BBEC252EAE3300A15CC3 /* Group.png in Resources */ = {isa = PBXBuildFile; fileRef = 5772BBEB252EAE3300A15CC3 /* Group.png */; };
		5772BBF0252EAEB900A15CC3 /* DetailsVC.swift in Sources */ = {isa = PBXBuildFile; fileRef = 5772BBEF252EAEB900A15CC3 /* DetailsVC.swift */; };
		95D19B51253019A200CBCDDE /* ReadDetailsViewController.swift in Sources */ = {isa = PBXBuildFile; fileRef = 95D19B50253019A200CBCDDE /* ReadDetailsViewController.swift */; };
/* End PBXBuildFile section */

/* Begin PBXFileReference section */
		5772BBD1252EACA200A15CC3 /* Recipe book.app */ = {isa = PBXFileReference; explicitFileType = wrapper.application; includeInIndex = 0; path = "Recipe book.app"; sourceTree = BUILT_PRODUCTS_DIR; };
		5772BBD4252EACA200A15CC3 /* AppDelegate.swift */ = {isa = PBXFileReference; lastKnownFileType = sourcecode.swift; path = AppDelegate.swift; sourceTree = "<group>"; };
		5772BBD6252EACA200A15CC3 /* SceneDelegate.swift */ = {isa = PBXFileReference; lastKnownFileType = sourcecode.swift; path = SceneDelegate.swift; sourceTree = "<group>"; };
		5772BBD8252EACA200A15CC3 /* ViewController.swift */ = {isa = PBXFileReference; lastKnownFileType = sourcecode.swift; path = ViewController.swift; sourceTree = "<group>"; };
		5772BBDB252EACA200A15CC3 /* Base */ = {isa = PBXFileReference; lastKnownFileType = file.storyboard; name = Base; path = Base.lproj/Main.storyboard; sourceTree = "<group>"; };
		5772BBDE252EACA200A15CC3 /* Recipe_book.xcdatamodel */ = {isa = PBXFileReference; lastKnownFileType = wrapper.xcdatamodel; path = Recipe_book.xcdatamodel; sourceTree = "<group>"; };
		5772BBE0252EACA200A15CC3 /* Assets.xcassets */ = {isa = PBXFileReference; lastKnownFileType = folder.assetcatalog; path = Assets.xcassets; sourceTree = "<group>"; };
		5772BBE3252EACA200A15CC3 /* Base */ = {isa = PBXFileReference; lastKnownFileType = file.storyboard; name = Base; path = Base.lproj/LaunchScreen.storyboard; sourceTree = "<group>"; };
		5772BBE5252EACA200A15CC3 /* Info.plist */ = {isa = PBXFileReference; lastKnownFileType = text.plist.xml; path = Info.plist; sourceTree = "<group>"; };
		5772BBEB252EAE3300A15CC3 /* Group.png */ = {isa = PBXFileReference; lastKnownFileType = image.png; name = Group.png; path = ../../../Group.png; sourceTree = "<group>"; };
		5772BBEF252EAEB900A15CC3 /* DetailsVC.swift */ = {isa = PBXFileReference; lastKnownFileType = sourcecode.swift; path = DetailsVC.swift; sourceTree = "<group>"; };
		95D19B50253019A200CBCDDE /* ReadDetailsViewController.swift */ = {isa = PBXFileReference; lastKnownFileType = sourcecode.swift; path = ReadDetailsViewController.swift; sourceTree = "<group>"; };
/* End PBXFileReference section */

/* Begin PBXFrameworksBuildPhase section */
		5772BBCE252EACA200A15CC3 /* Frameworks */ = {
			isa = PBXFrameworksBuildPhase;
			buildActionMask = 2147483647;
			files = (
			);
			runOnlyForDeploymentPostprocessing = 0;
		};
/* End PBXFrameworksBuildPhase section */

/* Begin PBXGroup section */
		5772BBC8252EACA200A15CC3 = {
			isa = PBXGroup;
			children = (
				5772BBD3252EACA200A15CC3 /* Recipe book */,
				5772BBD2252EACA200A15CC3 /* Products */,
			);
			sourceTree = "<group>";
		};
		5772BBD2252EACA200A15CC3 /* Products */ = {
			isa = PBXGroup;
			children = (
				5772BBD1252EACA200A15CC3 /* Recipe book.app */,
			);
			name = Products;
			sourceTree = "<group>";
		};
		5772BBD3252EACA200A15CC3 /* Recipe book */ = {
			isa = PBXGroup;
			children = (
				5772BBEB252EAE3300A15CC3 /* Group.png */,
				5772BBD4252EACA200A15CC3 /* AppDelegate.swift */,
				5772BBEF252EAEB900A15CC3 /* DetailsVC.swift */,
				5772BBD6252EACA200A15CC3 /* SceneDelegate.swift */,
				5772BBD8252EACA200A15CC3 /* ViewController.swift */,
				5772BBDA252EACA200A15CC3 /* Main.storyboard */,
				95D19B50253019A200CBCDDE /* ReadDetailsViewController.swift */,
				5772BBE0252EACA200A15CC3 /* Assets.xcassets */,
				5772BBE2252EACA200A15CC3 /* LaunchScreen.storyboard */,
				5772BBE5252EACA200A15CC3 /* Info.plist */,
				5772BBDD252EACA200A15CC3 /* Recipe_book.xcdatamodeld */,
			);
			path = "Recipe book";
			sourceTree = "<group>";
		};
/* End PBXGroup section */

/* Begin PBXNativeTarget section */
		5772BBD0252EACA200A15CC3 /* Recipe book */ = {
			isa = PBXNativeTarget;
			buildConfigurationList = 5772BBE8252EACA200A15CC3 /* Build configuration list for PBXNativeTarget "Recipe book" */;
			buildPhases = (
				5772BBCD252EACA200A15CC3 /* Sources */,
				5772BBCE252EACA200A15CC3 /* Frameworks */,
				5772BBCF252EACA200A15CC3 /* Resources */,
			);
			buildRules = (
			);
			dependencies = (
			);
			name = "Recipe book";
			productName = "Recipe book";
			productReference = 5772BBD1252EACA200A15CC3 /* Recipe book.app */;
			productType = "com.apple.product-type.application";
		};
/* End PBXNativeTarget section */

/* Begin PBXProject section */
		5772BBC9252EACA200A15CC3 /* Project object */ = {
			isa = PBXProject;
			attributes = {
				LastSwiftUpdateCheck = 1200;
				LastUpgradeCheck = 1200;
				TargetAttributes = {
					5772BBD0252EACA200A15CC3 = {
						CreatedOnToolsVersion = 12.0;
					};
				};
			};
			buildConfigurationList = 5772BBCC252EACA200A15CC3 /* Build configuration list for PBXProject "Recipe book" */;
			compatibilityVersion = "Xcode 9.3";
			developmentRegion = en;
			hasScannedForEncodings = 0;
			knownRegions = (
				en,
				Base,
			);
			mainGroup = 5772BBC8252EACA200A15CC3;
			productRefGroup = 5772BBD2252EACA200A15CC3 /* Products */;
			projectDirPath = "";
			projectRoot = "";
			targets = (
				5772BBD0252EACA200A15CC3 /* Recipe book */,
			);
		};
/* End PBXProject section */

/* Begin PBXResourcesBuildPhase section */
		5772BBCF252EACA200A15CC3 /* Resources */ = {
			isa = PBXResourcesBuildPhase;
			buildActionMask = 2147483647;
			files = (
				5772BBE4252EACA200A15CC3 /* LaunchScreen.storyboard in Resources */,
				5772BBEC252EAE3300A15CC3 /* Group.png in Resources */,
				5772BBE1252EACA200A15CC3 /* Assets.xcassets in Resources */,
				5772BBDC252EACA200A15CC3 /* Main.storyboard in Resources */,
			);
			runOnlyForDeploymentPostprocessing = 0;
		};
/* End PBXResourcesBuildPhase section */

/* Begin PBXSourcesBuildPhase section */
		5772BBCD252EACA200A15CC3 /* Sources */ = {
			isa = PBXSourcesBuildPhase;
			buildActionMask = 2147483647;
			files = (
				5772BBD9252EACA200A15CC3 /* ViewController.swift in Sources */,
				95D19B51253019A200CBCDDE /* ReadDetailsViewController.swift in Sources */,
				5772BBD5252EACA200A15CC3 /* AppDelegate.swift in Sources */,
				5772BBDF252EACA200A15CC3 /* Recipe_book.xcdatamodeld in Sources */,
				5772BBD7252EACA200A15CC3 /* SceneDelegate.swift in Sources */,
				5772BBF0252EAEB900A15CC3 /* DetailsVC.swift in Sources */,
			);
			runOnlyForDeploymentPostprocessing = 0;
		};
/* End PBXSourcesBuildPhase section */

/* Begin PBXVariantGroup section */
		5772BBDA252EACA200A15CC3 /* Main.storyboard */ = {
			isa = PBXVariantGroup;
			children = (
				5772BBDB252EACA200A15CC3 /* Base */,
			);
			name = Main.storyboard;
			sourceTree = "<group>";
		};
		5772BBE2252EACA200A15CC3 /* LaunchScreen.storyboard */ = {
			isa = PBXVariantGroup;
			children = (
				5772BBE3252EACA200A15CC3 /* Base */,
			);
			name = LaunchScreen.storyboard;
			sourceTree = "<group>";
		};
/* End PBXVariantGroup section */

/* Begin XCBuildConfiguration section */
		5772BBE6252EACA200A15CC3 /* Debug */ = {
			isa = XCBuildConfiguration;
			buildSettings = {
				ALWAYS_SEARCH_USER_PATHS = NO;
				CLANG_ANALYZER_NONNULL = YES;
				CLANG_ANALYZER_NUMBER_OBJECT_CONVERSION = YES_AGGRESSIVE;
				CLANG_CXX_LANGUAGE_STANDARD = "gnu++14";
				CLANG_CXX_LIBRARY = "libc++";
				CLANG_ENABLE_MODULES = YES;
				CLANG_ENABLE_OBJC_ARC = YES;
				CLANG_ENABLE_OBJC_WEAK = YES;
				CLANG_WARN_BLOCK_CAPTURE_AUTORELEASING = YES;
				CLANG_WARN_BOOL_CONVERSION = YES;
				CLANG_WARN_COMMA = YES;
				CLANG_WARN_CONSTANT_CONVERSION = YES;
				CLANG_WARN_DEPRECATED_OBJC_IMPLEMENTATIONS = YES;
				CLANG_WARN_DIRECT_OBJC_ISA_USAGE = YES_ERROR;
				CLANG_WARN_DOCUMENTATION_COMMENTS = YES;
				CLANG_WARN_EMPTY_BODY = YES;
				CLANG_WARN_ENUM_CONVERSION = YES;
				CLANG_WARN_INFINITE_RECURSION = YES;
				CLANG_WARN_INT_CONVERSION = YES;
				CLANG_WARN_NON_LITERAL_NULL_CONVERSION = YES;
				CLANG_WARN_OBJC_IMPLICIT_RETAIN_SELF = YES;
				CLANG_WARN_OBJC_LITERAL_CONVERSION = YES;
				CLANG_WARN_OBJC_ROOT_CLASS = YES_ERROR;
				CLANG_WARN_QUOTED_INCLUDE_IN_FRAMEWORK_HEADER = YES;
				CLANG_WARN_RANGE_LOOP_ANALYSIS = YES;
				CLANG_WARN_STRICT_PROTOTYPES = YES;
				CLANG_WARN_SUSPICIOUS_MOVE = YES;
				CLANG_WARN_UNGUARDED_AVAILABILITY = YES_AGGRESSIVE;
				CLANG_WARN_UNREACHABLE_CODE = YES;
				CLANG_WARN__DUPLICATE_METHOD_MATCH = YES;
				COPY_PHASE_STRIP = NO;
				DEBUG_INFORMATION_FORMAT = dwarf;
				ENABLE_STRICT_OBJC_MSGSEND = YES;
				ENABLE_TESTABILITY = YES;
				GCC_C_LANGUAGE_STANDARD = gnu11;
				GCC_DYNAMIC_NO_PIC = NO;
				GCC_NO_COMMON_BLOCKS = YES;
				GCC_OPTIMIZATION_LEVEL = 0;
				GCC_PREPROCESSOR_DEFINITIONS = (
					"DEBUG=1",
					"$(inherited)",
				);
				GCC_WARN_64_TO_32_BIT_CONVERSION = YES;
				GCC_WARN_ABOUT_RETURN_TYPE = YES_ERROR;
				GCC_WARN_UNDECLARED_SELECTOR = YES;
				GCC_WARN_UNINITIALIZED_AUTOS = YES_AGGRESSIVE;
				GCC_WARN_UNUSED_FUNCTION = YES;
				GCC_WARN_UNUSED_VARIABLE = YES;
				IPHONEOS_DEPLOYMENT_TARGET = 14.0;
				MTL_ENABLE_DEBUG_INFO = INCLUDE_SOURCE;
				MTL_FAST_MATH = YES;
				ONLY_ACTIVE_ARCH = YES;
				SDKROOT = iphoneos;
				SWIFT_ACTIVE_COMPILATION_CONDITIONS = DEBUG;
				SWIFT_OPTIMIZATION_LEVEL = "-Onone";
			};
			name = Debug;
		};
		5772BBE7252EACA200A15CC3 /* Release */ = {
			isa = XCBuildConfiguration;
			buildSettings = {
				ALWAYS_SEARCH_USER_PATHS = NO;
				CLANG_ANALYZER_NONNULL = YES;
				CLANG_ANALYZER_NUMBER_OBJECT_CONVERSION = YES_AGGRESSIVE;
				CLANG_CXX_LANGUAGE_STANDARD = "gnu++14";
				CLANG_CXX_LIBRARY = "libc++";
				CLANG_ENABLE_MODULES = YES;
				CLANG_ENABLE_OBJC_ARC = YES;
				CLANG_ENABLE_OBJC_WEAK = YES;
				CLANG_WARN_BLOCK_CAPTURE_AUTORELEASING = YES;
				CLANG_WARN_BOOL_CONVERSION = YES;
				CLANG_WARN_COMMA = YES;
				CLANG_WARN_CONSTANT_CONVERSION = YES;
				CLANG_WARN_DEPRECATED_OBJC_IMPLEMENTATIONS = YES;
				CLANG_WARN_DIRECT_OBJC_ISA_USAGE = YES_ERROR;
				CLANG_WARN_DOCUMENTATION_COMMENTS = YES;
				CLANG_WARN_EMPTY_BODY = YES;
				CLANG_WARN_ENUM_CONVERSION = YES;
				CLANG_WARN_INFINITE_RECURSION = YES;
				CLANG_WARN_INT_CONVERSION = YES;
				CLANG_WARN_NON_LITERAL_NULL_CONVERSION = YES;
				CLANG_WARN_OBJC_IMPLICIT_RETAIN_SELF = YES;
				CLANG_WARN_OBJC_LITERAL_CONVERSION = YES;
				CLANG_WARN_OBJC_ROOT_CLASS = YES_ERROR;
				CLANG_WARN_QUOTED_INCLUDE_IN_FRAMEWORK_HEADER = YES;
				CLANG_WARN_RANGE_LOOP_ANALYSIS = YES;
				CLANG_WARN_STRICT_PROTOTYPES = YES;
				CLANG_WARN_SUSPICIOUS_MOVE = YES;
				CLANG_WARN_UNGUARDED_AVAILABILITY = YES_AGGRESSIVE;
				CLANG_WARN_UNREACHABLE_CODE = YES;
				CLANG_WARN__DUPLICATE_METHOD_MATCH = YES;
				COPY_PHASE_STRIP = NO;
				DEBUG_INFORMATION_FORMAT = "dwarf-with-dsym";
				ENABLE_NS_ASSERTIONS = NO;
				ENABLE_STRICT_OBJC_MSGSEND = YES;
				GCC_C_LANGUAGE_STANDARD = gnu11;
				GCC_NO_COMMON_BLOCKS = YES;
				GCC_WARN_64_TO_32_BIT_CONVERSION = YES;
				GCC_WARN_ABOUT_RETURN_TYPE = YES_ERROR;
				GCC_WARN_UNDECLARED_SELECTOR = YES;
				GCC_WARN_UNINITIALIZED_AUTOS = YES_AGGRESSIVE;
				GCC_WARN_UNUSED_FUNCTION = YES;
				GCC_WARN_UNUSED_VARIABLE = YES;
				IPHONEOS_DEPLOYMENT_TARGET = 14.0;
				MTL_ENABLE_DEBUG_INFO = NO;
				MTL_FAST_MATH = YES;
				SDKROOT = iphoneos;
				SWIFT_COMPILATION_MODE = wholemodule;
				SWIFT_OPTIMIZATION_LEVEL = "-O";
				VALIDATE_PRODUCT = YES;
			};
			name = Release;
		};
		5772BBE9252EACA200A15CC3 /* Debug */ = {
			isa = XCBuildConfiguration;
			buildSettings = {
				ASSETCATALOG_COMPILER_APPICON_NAME = AppIcon;
				ASSETCATALOG_COMPILER_GLOBAL_ACCENT_COLOR_NAME = AccentColor;
				CODE_SIGN_IDENTITY = "Apple Development";
				CODE_SIGN_STYLE = Automatic;
				DEVELOPMENT_TEAM = CS38HA4SPQ;
				INFOPLIST_FILE = "Recipe book/Info.plist";
				LD_RUNPATH_SEARCH_PATHS = (
					"$(inherited)",
					"@executable_path/Frameworks",
				);
				PRODUCT_BUNDLE_IDENTIFIER = "Ruslan-Ismayilov.Recipe-book";
				PRODUCT_NAME = "$(TARGET_NAME)";
				PROVISIONING_PROFILE_SPECIFIER = "";
				SWIFT_VERSION = 5.0;
				TARGETED_DEVICE_FAMILY = "1,2";
			};
			name = Debug;
		};
		5772BBEA252EACA200A15CC3 /* Release */ = {
			isa = XCBuildConfiguration;
			buildSettings = {
				ASSETCATALOG_COMPILER_APPICON_NAME = AppIcon;
				ASSETCATALOG_COMPILER_GLOBAL_ACCENT_COLOR_NAME = AccentColor;
				CODE_SIGN_IDENTITY = "Apple Development";
				CODE_SIGN_STYLE = Automatic;
				DEVELOPMENT_TEAM = CS38HA4SPQ;
				INFOPLIST_FILE = "Recipe book/Info.plist";
				LD_RUNPATH_SEARCH_PATHS = (
					"$(inherited)",
					"@executable_path/Frameworks",
				);
				PRODUCT_BUNDLE_IDENTIFIER = "Ruslan-Ismayilov.Recipe-book";
				PRODUCT_NAME = "$(TARGET_NAME)";
				PROVISIONING_PROFILE_SPECIFIER = "";
				SWIFT_VERSION = 5.0;
				TARGETED_DEVICE_FAMILY = "1,2";
			};
			name = Release;
		};
/* End XCBuildConfiguration section */

/* Begin XCConfigurationList section */
		5772BBCC252EACA200A15CC3 /* Build configuration list for PBXProject "Recipe book" */ = {
			isa = XCConfigurationList;
			buildConfigurations = (
				5772BBE6252EACA200A15CC3 /* Debug */,
				5772BBE7252EACA200A15CC3 /* Release */,
			);
			defaultConfigurationIsVisible = 0;
			defaultConfigurationName = Release;
		};
		5772BBE8252EACA200A15CC3 /* Build configuration list for PBXNativeTarget "Recipe book" */ = {
			isa = XCConfigurationList;
			buildConfigurations = (
				5772BBE9252EACA200A15CC3 /* Debug */,
				5772BBEA252EACA200A15CC3 /* Release */,
			);
			defaultConfigurationIsVisible = 0;
			defaultConfigurationName = Release;
		};
/* End XCConfigurationList section */

/* Begin XCVersionGroup section */
		5772BBDD252EACA200A15CC3 /* Recipe_book.xcdatamodeld */ = {
			isa = XCVersionGroup;
			children = (
				5772BBDE252EACA200A15CC3 /* Recipe_book.xcdatamodel */,
			);
			currentVersion = 5772BBDE252EACA200A15CC3 /* Recipe_book.xcdatamodel */;
			path = Recipe_book.xcdatamodeld;
			sourceTree = "<group>";
			versionGroupType = wrapper.xcdatamodel;
		};
/* End XCVersionGroup section */
	};
	rootObject = 5772BBC9252EACA200A15CC3 /* Project object */;
}
